// !$*UTF8*$!
{
	archiveVersion = 1;
	classes = {
	};
	objectVersion = 77;
	objects = {

/* Begin PBXBuildFile section */
		673C41F42F49B3DA004333E6 /* Sentry in Frameworks */ = {isa = PBXBuildFile; productRef = 673C41F32F49B3DA004333E6 /* Sentry */; };
		6768FD482F476789000E6A79 /* WidgetKit.framework in Frameworks */ = {isa = PBXBuildFile; fileRef = 6768FD472F476789000E6A79 /* WidgetKit.framework */; };
		6768FD4A2F476789000E6A79 /* SwiftUI.framework in Frameworks */ = {isa = PBXBuildFile; fileRef = 6768FD492F476789000E6A79 /* SwiftUI.framework */; };
		6768FD5B2F476789000E6A79 /* OlliewidgetExtension.appex in Embed Foundation Extensions */ = {isa = PBXBuildFile; fileRef = 6768FD452F476789000E6A79 /* OlliewidgetExtension.appex */; settings = {ATTRIBUTES = (RemoveHeadersOnCopy, ); }; };
/* End PBXBuildFile section */

/* Begin PBXContainerItemProxy section */
		673C41E92F49ABCD004333E6 /* PBXContainerItemProxy */ = {
			isa = PBXContainerItemProxy;
			containerPortal = 6786FEB82F470F4300CBFE93 /* Project object */;
			proxyType = 1;
			remoteGlobalIDString = 6786FEBF2F470F4300CBFE93;
			remoteInfo = "Ollie-app";
		};
		6768FD592F476789000E6A79 /* PBXContainerItemProxy */ = {
			isa = PBXContainerItemProxy;
			containerPortal = 6786FEB82F470F4300CBFE93 /* Project object */;
			proxyType = 1;
			remoteGlobalIDString = 6768FD442F476789000E6A79;
			remoteInfo = OlliewidgetExtension;
		};
/* End PBXContainerItemProxy section */

/* Begin PBXCopyFilesBuildPhase section */
		6768FD602F476789000E6A79 /* Embed Foundation Extensions */ = {
			isa = PBXCopyFilesBuildPhase;
			buildActionMask = 2147483647;
			dstPath = "";
			dstSubfolderSpec = 13;
			files = (
				6768FD5B2F476789000E6A79 /* OlliewidgetExtension.appex in Embed Foundation Extensions */,
			);
			name = "Embed Foundation Extensions";
			runOnlyForDeploymentPostprocessing = 0;
		};
/* End PBXCopyFilesBuildPhase section */

/* Begin PBXFileReference section */
		673C41E32F49ABCD004333E6 /* Ollie-appUITests.xctest */ = {isa = PBXFileReference; explicitFileType = wrapper.cfbundle; includeInIndex = 0; path = "Ollie-appUITests.xctest"; sourceTree = BUILT_PRODUCTS_DIR; };
		6768FD452F476789000E6A79 /* OlliewidgetExtension.appex */ = {isa = PBXFileReference; explicitFileType = "wrapper.app-extension"; includeInIndex = 0; path = OlliewidgetExtension.appex; sourceTree = BUILT_PRODUCTS_DIR; };
		6768FD472F476789000E6A79 /* WidgetKit.framework */ = {isa = PBXFileReference; lastKnownFileType = wrapper.framework; name = WidgetKit.framework; path = System/Library/Frameworks/WidgetKit.framework; sourceTree = SDKROOT; };
		6768FD492F476789000E6A79 /* SwiftUI.framework */ = {isa = PBXFileReference; lastKnownFileType = wrapper.framework; name = SwiftUI.framework; path = System/Library/Frameworks/SwiftUI.framework; sourceTree = SDKROOT; };
		6786FEC02F470F4300CBFE93 /* Ollie-app.app */ = {isa = PBXFileReference; explicitFileType = wrapper.application; includeInIndex = 0; path = "Ollie-app.app"; sourceTree = BUILT_PRODUCTS_DIR; };
/* End PBXFileReference section */

/* Begin PBXFileSystemSynchronizedBuildFileExceptionSet section */
		6768FD5C2F476789000E6A79 /* Exceptions for "Olliewidget" folder in "OlliewidgetExtension" target */ = {
			isa = PBXFileSystemSynchronizedBuildFileExceptionSet;
			membershipExceptions = (
				Info.plist,
			);
			target = 6768FD442F476789000E6A79 /* OlliewidgetExtension */;
		};
		6786FED02F470F4400CBFE93 /* Exceptions for "Ollie-app" folder in "Ollie-app" target */ = {
			isa = PBXFileSystemSynchronizedBuildFileExceptionSet;
			membershipExceptions = (
				Info.plist,
			);
			target = 6786FEBF2F470F4300CBFE93 /* Ollie-app */;
		};
/* End PBXFileSystemSynchronizedBuildFileExceptionSet section */

/* Begin PBXFileSystemSynchronizedRootGroup section */
		673C41E42F49ABCD004333E6 /* Ollie-appUITests */ = {
			isa = PBXFileSystemSynchronizedRootGroup;
			path = "Ollie-appUITests";
			sourceTree = "<group>";
		};
		6768FD4B2F476789000E6A79 /* Olliewidget */ = {
			isa = PBXFileSystemSynchronizedRootGroup;
			exceptions = (
				6768FD5C2F476789000E6A79 /* Exceptions for "Olliewidget" folder in "OlliewidgetExtension" target */,
			);
			path = Olliewidget;
			sourceTree = "<group>";
		};
		6786FEC22F470F4300CBFE93 /* Ollie-app */ = {
			isa = PBXFileSystemSynchronizedRootGroup;
			exceptions = (
				6786FED02F470F4400CBFE93 /* Exceptions for "Ollie-app" folder in "Ollie-app" target */,
			);
			path = "Ollie-app";
			sourceTree = "<group>";
		};
/* End PBXFileSystemSynchronizedRootGroup section */

/* Begin PBXFrameworksBuildPhase section */
		673C41E02F49ABCD004333E6 /* Frameworks */ = {
			isa = PBXFrameworksBuildPhase;
			buildActionMask = 2147483647;
			files = (
			);
			runOnlyForDeploymentPostprocessing = 0;
		};
		6768FD422F476789000E6A79 /* Frameworks */ = {
			isa = PBXFrameworksBuildPhase;
			buildActionMask = 2147483647;
			files = (
				6768FD4A2F476789000E6A79 /* SwiftUI.framework in Frameworks */,
				6768FD482F476789000E6A79 /* WidgetKit.framework in Frameworks */,
			);
			runOnlyForDeploymentPostprocessing = 0;
		};
		6786FEBD2F470F4300CBFE93 /* Frameworks */ = {
			isa = PBXFrameworksBuildPhase;
			buildActionMask = 2147483647;
			files = (
				673C41F42F49B3DA004333E6 /* Sentry in Frameworks */,
			);
			runOnlyForDeploymentPostprocessing = 0;
		};
/* End PBXFrameworksBuildPhase section */

/* Begin PBXGroup section */
		6768FD462F476789000E6A79 /* Frameworks */ = {
			isa = PBXGroup;
			children = (
				6768FD472F476789000E6A79 /* WidgetKit.framework */,
				6768FD492F476789000E6A79 /* SwiftUI.framework */,
			);
			name = Frameworks;
			sourceTree = "<group>";
		};
		6786FEB72F470F4300CBFE93 = {
			isa = PBXGroup;
			children = (
				6786FEC22F470F4300CBFE93 /* Ollie-app */,
				6768FD4B2F476789000E6A79 /* Olliewidget */,
				673C41E42F49ABCD004333E6 /* Ollie-appUITests */,
				6768FD462F476789000E6A79 /* Frameworks */,
				6786FEC12F470F4300CBFE93 /* Products */,
			);
			sourceTree = "<group>";
		};
		6786FEC12F470F4300CBFE93 /* Products */ = {
			isa = PBXGroup;
			children = (
				6786FEC02F470F4300CBFE93 /* Ollie-app.app */,
				6768FD452F476789000E6A79 /* OlliewidgetExtension.appex */,
				673C41E32F49ABCD004333E6 /* Ollie-appUITests.xctest */,
			);
			name = Products;
			sourceTree = "<group>";
		};
/* End PBXGroup section */

/* Begin PBXNativeTarget section */
		673C41E22F49ABCD004333E6 /* Ollie-appUITests */ = {
			isa = PBXNativeTarget;
			buildConfigurationList = 673C41EB2F49ABCD004333E6 /* Build configuration list for PBXNativeTarget "Ollie-appUITests" */;
			buildPhases = (
				673C41DF2F49ABCD004333E6 /* Sources */,
				673C41E02F49ABCD004333E6 /* Frameworks */,
				673C41E12F49ABCD004333E6 /* Resources */,
			);
			buildRules = (
			);
			dependencies = (
				673C41EA2F49ABCD004333E6 /* PBXTargetDependency */,
			);
			fileSystemSynchronizedGroups = (
				673C41E42F49ABCD004333E6 /* Ollie-appUITests */,
			);
			name = "Ollie-appUITests";
			packageProductDependencies = (
			);
			productName = "Ollie-appUITests";
			productReference = 673C41E32F49ABCD004333E6 /* Ollie-appUITests.xctest */;
			productType = "com.apple.product-type.bundle.ui-testing";
		};
		6768FD442F476789000E6A79 /* OlliewidgetExtension */ = {
			isa = PBXNativeTarget;
			buildConfigurationList = 6768FD5D2F476789000E6A79 /* Build configuration list for PBXNativeTarget "OlliewidgetExtension" */;
			buildPhases = (
				6768FD412F476789000E6A79 /* Sources */,
				6768FD422F476789000E6A79 /* Frameworks */,
				6768FD432F476789000E6A79 /* Resources */,
			);
			buildRules = (
			);
			dependencies = (
			);
			fileSystemSynchronizedGroups = (
				6768FD4B2F476789000E6A79 /* Olliewidget */,
			);
			name = OlliewidgetExtension;
			packageProductDependencies = (
			);
			productName = OlliewidgetExtension;
			productReference = 6768FD452F476789000E6A79 /* OlliewidgetExtension.appex */;
			productType = "com.apple.product-type.app-extension";
		};
		6786FEBF2F470F4300CBFE93 /* Ollie-app */ = {
			isa = PBXNativeTarget;
			buildConfigurationList = 6786FECB2F470F4400CBFE93 /* Build configuration list for PBXNativeTarget "Ollie-app" */;
			buildPhases = (
				6786FEBC2F470F4300CBFE93 /* Sources */,
				6786FEBD2F470F4300CBFE93 /* Frameworks */,
				6786FEBE2F470F4300CBFE93 /* Resources */,
				6768FD602F476789000E6A79 /* Embed Foundation Extensions */,
			);
			buildRules = (
			);
			dependencies = (
				6768FD5A2F476789000E6A79 /* PBXTargetDependency */,
			);
			fileSystemSynchronizedGroups = (
				6786FEC22F470F4300CBFE93 /* Ollie-app */,
			);
			name = "Ollie-app";
			packageProductDependencies = (
				673C41F32F49B3DA004333E6 /* Sentry */,
			);
			productName = "Ollie-app";
			productReference = 6786FEC02F470F4300CBFE93 /* Ollie-app.app */;
			productType = "com.apple.product-type.application";
		};
/* End PBXNativeTarget section */

/* Begin PBXProject section */
		6786FEB82F470F4300CBFE93 /* Project object */ = {
			isa = PBXProject;
			attributes = {
				BuildIndependentTargetsInParallel = 1;
				LastSwiftUpdateCheck = 2620;
				LastUpgradeCheck = 2620;
				TargetAttributes = {
					673C41E22F49ABCD004333E6 = {
						CreatedOnToolsVersion = 26.2;
						TestTargetID = 6786FEBF2F470F4300CBFE93;
					};
					6768FD442F476789000E6A79 = {
						CreatedOnToolsVersion = 26.2;
					};
					6786FEBF2F470F4300CBFE93 = {
						CreatedOnToolsVersion = 26.2;
					};
				};
			};
			buildConfigurationList = 6786FEBB2F470F4300CBFE93 /* Build configuration list for PBXProject "Ollie-app" */;
			developmentRegion = en;
			hasScannedForEncodings = 0;
			knownRegions = (
				en,
				nl,
				Base,
			);
			mainGroup = 6786FEB72F470F4300CBFE93;
			minimizedProjectReferenceProxies = 1;
			packageReferences = (
				673C41F22F49B3DA004333E6 /* XCRemoteSwiftPackageReference "sentry-cocoa" */,
			);
			preferredProjectObjectVersion = 77;
			productRefGroup = 6786FEC12F470F4300CBFE93 /* Products */;
			projectDirPath = "";
			projectRoot = "";
			targets = (
				6786FEBF2F470F4300CBFE93 /* Ollie-app */,
				6768FD442F476789000E6A79 /* OlliewidgetExtension */,
				673C41E22F49ABCD004333E6 /* Ollie-appUITests */,
			);
		};
/* End PBXProject section */

/* Begin PBXResourcesBuildPhase section */
		673C41E12F49ABCD004333E6 /* Resources */ = {
			isa = PBXResourcesBuildPhase;
			buildActionMask = 2147483647;
			files = (
			);
			runOnlyForDeploymentPostprocessing = 0;
		};
		6768FD432F476789000E6A79 /* Resources */ = {
			isa = PBXResourcesBuildPhase;
			buildActionMask = 2147483647;
			files = (
			);
			runOnlyForDeploymentPostprocessing = 0;
		};
		6786FEBE2F470F4300CBFE93 /* Resources */ = {
			isa = PBXResourcesBuildPhase;
			buildActionMask = 2147483647;
			files = (
			);
			runOnlyForDeploymentPostprocessing = 0;
		};
/* End PBXResourcesBuildPhase section */

/* Begin PBXSourcesBuildPhase section */
		673C41DF2F49ABCD004333E6 /* Sources */ = {
			isa = PBXSourcesBuildPhase;
			buildActionMask = 2147483647;
			files = (
			);
			runOnlyForDeploymentPostprocessing = 0;
		};
		6768FD412F476789000E6A79 /* Sources */ = {
			isa = PBXSourcesBuildPhase;
			buildActionMask = 2147483647;
			files = (
			);
			runOnlyForDeploymentPostprocessing = 0;
		};
		6786FEBC2F470F4300CBFE93 /* Sources */ = {
			isa = PBXSourcesBuildPhase;
			buildActionMask = 2147483647;
			files = (
			);
			runOnlyForDeploymentPostprocessing = 0;
		};
/* End PBXSourcesBuildPhase section */

/* Begin PBXTargetDependency section */
		673C41EA2F49ABCD004333E6 /* PBXTargetDependency */ = {
			isa = PBXTargetDependency;
			target = 6786FEBF2F470F4300CBFE93 /* Ollie-app */;
			targetProxy = 673C41E92F49ABCD004333E6 /* PBXContainerItemProxy */;
		};
		6768FD5A2F476789000E6A79 /* PBXTargetDependency */ = {
			isa = PBXTargetDependency;
			target = 6768FD442F476789000E6A79 /* OlliewidgetExtension */;
			targetProxy = 6768FD592F476789000E6A79 /* PBXContainerItemProxy */;
		};
/* End PBXTargetDependency section */

/* Begin XCBuildConfiguration section */
		673C41EC2F49ABCD004333E6 /* Debug */ = {
			isa = XCBuildConfiguration;
			buildSettings = {
				CODE_SIGN_STYLE = Automatic;
				CURRENT_PROJECT_VERSION = 1;
				DEVELOPMENT_TEAM = ZA6R83F354;
				GENERATE_INFOPLIST_FILE = YES;
				MARKETING_VERSION = 1.0;
				PRODUCT_BUNDLE_IDENTIFIER = "jaapstronks.Ollie-appUITests";
				PRODUCT_NAME = "$(TARGET_NAME)";
				STRING_CATALOG_GENERATE_SYMBOLS = NO;
				SWIFT_APPROACHABLE_CONCURRENCY = YES;
				SWIFT_EMIT_LOC_STRINGS = NO;
				SWIFT_UPCOMING_FEATURE_MEMBER_IMPORT_VISIBILITY = YES;
				SWIFT_VERSION = 5.0;
				TARGETED_DEVICE_FAMILY = "1,2";
				TEST_TARGET_NAME = "Ollie-app";
			};
			name = Debug;
		};
		673C41ED2F49ABCD004333E6 /* Release */ = {
			isa = XCBuildConfiguration;
			buildSettings = {
				CODE_SIGN_STYLE = Automatic;
				CURRENT_PROJECT_VERSION = 1;
				DEVELOPMENT_TEAM = ZA6R83F354;
				GENERATE_INFOPLIST_FILE = YES;
				MARKETING_VERSION = 1.0;
				PRODUCT_BUNDLE_IDENTIFIER = "jaapstronks.Ollie-appUITests";
				PRODUCT_NAME = "$(TARGET_NAME)";
				STRING_CATALOG_GENERATE_SYMBOLS = NO;
				SWIFT_APPROACHABLE_CONCURRENCY = YES;
				SWIFT_EMIT_LOC_STRINGS = NO;
				SWIFT_UPCOMING_FEATURE_MEMBER_IMPORT_VISIBILITY = YES;
				SWIFT_VERSION = 5.0;
				TARGETED_DEVICE_FAMILY = "1,2";
				TEST_TARGET_NAME = "Ollie-app";
			};
			name = Release;
		};
		6768FD5E2F476789000E6A79 /* Debug */ = {
			isa = XCBuildConfiguration;
			buildSettings = {
				ASSETCATALOG_COMPILER_GLOBAL_ACCENT_COLOR_NAME = AccentColor;
				ASSETCATALOG_COMPILER_WIDGET_BACKGROUND_COLOR_NAME = WidgetBackground;
				CODE_SIGN_ENTITLEMENTS = OllieWidget/OllieWidget.entitlements;
				CODE_SIGN_STYLE = Automatic;
				CURRENT_PROJECT_VERSION = 1;
				DEVELOPMENT_TEAM = ZA6R83F354;
				GENERATE_INFOPLIST_FILE = YES;
				INFOPLIST_FILE = Olliewidget/Info.plist;
				INFOPLIST_KEY_CFBundleDisplayName = Olliewidget;
				INFOPLIST_KEY_NSHumanReadableCopyright = "";
				LD_RUNPATH_SEARCH_PATHS = (
					"$(inherited)",
					"@executable_path/Frameworks",
					"@executable_path/../../Frameworks",
				);
				MARKETING_VERSION = 1.0;
				PRODUCT_BUNDLE_IDENTIFIER = "jaapstronks.Ollie-app.Olliewidget";
				PRODUCT_NAME = "$(TARGET_NAME)";
				SKIP_INSTALL = YES;
				STRING_CATALOG_GENERATE_SYMBOLS = YES;
				SWIFT_APPROACHABLE_CONCURRENCY = YES;
				SWIFT_EMIT_LOC_STRINGS = YES;
				SWIFT_UPCOMING_FEATURE_MEMBER_IMPORT_VISIBILITY = YES;
				SWIFT_VERSION = 5.0;
				TARGETED_DEVICE_FAMILY = "1,2";
			};
			name = Debug;
		};
		6768FD5F2F476789000E6A79 /* Release */ = {
			isa = XCBuildConfiguration;
			buildSettings = {
				ASSETCATALOG_COMPILER_GLOBAL_ACCENT_COLOR_NAME = AccentColor;
				ASSETCATALOG_COMPILER_WIDGET_BACKGROUND_COLOR_NAME = WidgetBackground;
				CODE_SIGN_ENTITLEMENTS = OllieWidget/OllieWidget.entitlements;
				CODE_SIGN_STYLE = Automatic;
				CURRENT_PROJECT_VERSION = 1;
				DEVELOPMENT_TEAM = ZA6R83F354;
				GENERATE_INFOPLIST_FILE = YES;
				INFOPLIST_FILE = Olliewidget/Info.plist;
				INFOPLIST_KEY_CFBundleDisplayName = Olliewidget;
				INFOPLIST_KEY_NSHumanReadableCopyright = "";
				LD_RUNPATH_SEARCH_PATHS = (
					"$(inherited)",
					"@executable_path/Frameworks",
					"@executable_path/../../Frameworks",
				);
				MARKETING_VERSION = 1.0;
				PRODUCT_BUNDLE_IDENTIFIER = "jaapstronks.Ollie-app.Olliewidget";
				PRODUCT_NAME = "$(TARGET_NAME)";
				SKIP_INSTALL = YES;
				STRING_CATALOG_GENERATE_SYMBOLS = YES;
				SWIFT_APPROACHABLE_CONCURRENCY = YES;
				SWIFT_EMIT_LOC_STRINGS = YES;
				SWIFT_UPCOMING_FEATURE_MEMBER_IMPORT_VISIBILITY = YES;
				SWIFT_VERSION = 5.0;
				TARGETED_DEVICE_FAMILY = "1,2";
			};
			name = Release;
		};
		6786FEC92F470F4400CBFE93 /* Debug */ = {
			isa = XCBuildConfiguration;
			buildSettings = {
				ALWAYS_SEARCH_USER_PATHS = NO;
				ASSETCATALOG_COMPILER_GENERATE_SWIFT_ASSET_SYMBOL_EXTENSIONS = YES;
				CLANG_ANALYZER_NONNULL = YES;
				CLANG_ANALYZER_NUMBER_OBJECT_CONVERSION = YES_AGGRESSIVE;
				CLANG_CXX_LANGUAGE_STANDARD = "gnu++20";
				CLANG_ENABLE_MODULES = YES;
				CLANG_ENABLE_OBJC_ARC = YES;
				CLANG_ENABLE_OBJC_WEAK = YES;
				CLANG_WARN_BLOCK_CAPTURE_AUTORELEASING = YES;
				CLANG_WARN_BOOL_CONVERSION = YES;
				CLANG_WARN_COMMA = YES;
				CLANG_WARN_CONSTANT_CONVERSION = YES;
				CLANG_WARN_DEPRECATED_OBJC_IMPLEMENTATIONS = YES;
				CLANG_WARN_DIRECT_OBJC_ISA_USAGE = YES_ERROR;
				CLANG_WARN_DOCUMENTATION_COMMENTS = YES;
				CLANG_WARN_EMPTY_BODY = YES;
				CLANG_WARN_ENUM_CONVERSION = YES;
				CLANG_WARN_INFINITE_RECURSION = YES;
				CLANG_WARN_INT_CONVERSION = YES;
				CLANG_WARN_NON_LITERAL_NULL_CONVERSION = YES;
				CLANG_WARN_OBJC_IMPLICIT_RETAIN_SELF = YES;
				CLANG_WARN_OBJC_LITERAL_CONVERSION = YES;
				CLANG_WARN_OBJC_ROOT_CLASS = YES_ERROR;
				CLANG_WARN_QUOTED_INCLUDE_IN_FRAMEWORK_HEADER = YES;
				CLANG_WARN_RANGE_LOOP_ANALYSIS = YES;
				CLANG_WARN_STRICT_PROTOTYPES = YES;
				CLANG_WARN_SUSPICIOUS_MOVE = YES;
				CLANG_WARN_UNGUARDED_AVAILABILITY = YES_AGGRESSIVE;
				CLANG_WARN_UNREACHABLE_CODE = YES;
				CLANG_WARN__DUPLICATE_METHOD_MATCH = YES;
				COPY_PHASE_STRIP = NO;
				DEBUG_INFORMATION_FORMAT = dwarf;
				DEVELOPMENT_TEAM = ZA6R83F354;
				ENABLE_STRICT_OBJC_MSGSEND = YES;
				ENABLE_TESTABILITY = YES;
				ENABLE_USER_SCRIPT_SANDBOXING = YES;
				GCC_C_LANGUAGE_STANDARD = gnu17;
				GCC_DYNAMIC_NO_PIC = NO;
				GCC_NO_COMMON_BLOCKS = YES;
				GCC_OPTIMIZATION_LEVEL = 0;
				GCC_PREPROCESSOR_DEFINITIONS = (
					"DEBUG=1",
					"$(inherited)",
				);
				GCC_WARN_64_TO_32_BIT_CONVERSION = YES;
				GCC_WARN_ABOUT_RETURN_TYPE = YES_ERROR;
				GCC_WARN_UNDECLARED_SELECTOR = YES;
				GCC_WARN_UNINITIALIZED_AUTOS = YES_AGGRESSIVE;
				GCC_WARN_UNUSED_FUNCTION = YES;
				GCC_WARN_UNUSED_VARIABLE = YES;
				IPHONEOS_DEPLOYMENT_TARGET = 26.2;
				LOCALIZATION_PREFERS_STRING_CATALOGS = YES;
				MTL_ENABLE_DEBUG_INFO = INCLUDE_SOURCE;
				MTL_FAST_MATH = YES;
				ONLY_ACTIVE_ARCH = YES;
				SDKROOT = iphoneos;
				SWIFT_ACTIVE_COMPILATION_CONDITIONS = "DEBUG $(inherited)";
				SWIFT_OPTIMIZATION_LEVEL = "-Onone";
			};
			name = Debug;
		};
		6786FECA2F470F4400CBFE93 /* Release */ = {
			isa = XCBuildConfiguration;
			buildSettings = {
				ALWAYS_SEARCH_USER_PATHS = NO;
				ASSETCATALOG_COMPILER_GENERATE_SWIFT_ASSET_SYMBOL_EXTENSIONS = YES;
				CLANG_ANALYZER_NONNULL = YES;
				CLANG_ANALYZER_NUMBER_OBJECT_CONVERSION = YES_AGGRESSIVE;
				CLANG_CXX_LANGUAGE_STANDARD = "gnu++20";
				CLANG_ENABLE_MODULES = YES;
				CLANG_ENABLE_OBJC_ARC = YES;
				CLANG_ENABLE_OBJC_WEAK = YES;
				CLANG_WARN_BLOCK_CAPTURE_AUTORELEASING = YES;
				CLANG_WARN_BOOL_CONVERSION = YES;
				CLANG_WARN_COMMA = YES;
				CLANG_WARN_CONSTANT_CONVERSION = YES;
				CLANG_WARN_DEPRECATED_OBJC_IMPLEMENTATIONS = YES;
				CLANG_WARN_DIRECT_OBJC_ISA_USAGE = YES_ERROR;
				CLANG_WARN_DOCUMENTATION_COMMENTS = YES;
				CLANG_WARN_EMPTY_BODY = YES;
				CLANG_WARN_ENUM_CONVERSION = YES;
				CLANG_WARN_INFINITE_RECURSION = YES;
				CLANG_WARN_INT_CONVERSION = YES;
				CLANG_WARN_NON_LITERAL_NULL_CONVERSION = YES;
				CLANG_WARN_OBJC_IMPLICIT_RETAIN_SELF = YES;
				CLANG_WARN_OBJC_LITERAL_CONVERSION = YES;
				CLANG_WARN_OBJC_ROOT_CLASS = YES_ERROR;
				CLANG_WARN_QUOTED_INCLUDE_IN_FRAMEWORK_HEADER = YES;
				CLANG_WARN_RANGE_LOOP_ANALYSIS = YES;
				CLANG_WARN_STRICT_PROTOTYPES = YES;
				CLANG_WARN_SUSPICIOUS_MOVE = YES;
				CLANG_WARN_UNGUARDED_AVAILABILITY = YES_AGGRESSIVE;
				CLANG_WARN_UNREACHABLE_CODE = YES;
				CLANG_WARN__DUPLICATE_METHOD_MATCH = YES;
				COPY_PHASE_STRIP = NO;
				DEBUG_INFORMATION_FORMAT = "dwarf-with-dsym";
				DEVELOPMENT_TEAM = ZA6R83F354;
				ENABLE_NS_ASSERTIONS = NO;
				ENABLE_STRICT_OBJC_MSGSEND = YES;
				ENABLE_USER_SCRIPT_SANDBOXING = YES;
				GCC_C_LANGUAGE_STANDARD = gnu17;
				GCC_NO_COMMON_BLOCKS = YES;
				GCC_WARN_64_TO_32_BIT_CONVERSION = YES;
				GCC_WARN_ABOUT_RETURN_TYPE = YES_ERROR;
				GCC_WARN_UNDECLARED_SELECTOR = YES;
				GCC_WARN_UNINITIALIZED_AUTOS = YES_AGGRESSIVE;
				GCC_WARN_UNUSED_FUNCTION = YES;
				GCC_WARN_UNUSED_VARIABLE = YES;
				IPHONEOS_DEPLOYMENT_TARGET = 26.2;
				LOCALIZATION_PREFERS_STRING_CATALOGS = YES;
				MTL_ENABLE_DEBUG_INFO = NO;
				MTL_FAST_MATH = YES;
				SDKROOT = iphoneos;
				SWIFT_COMPILATION_MODE = wholemodule;
				VALIDATE_PRODUCT = YES;
			};
			name = Release;
		};
		6786FECC2F470F4400CBFE93 /* Debug */ = {
			isa = XCBuildConfiguration;
			buildSettings = {
				ASSETCATALOG_COMPILER_APPICON_NAME = AppIcon;
				ASSETCATALOG_COMPILER_GLOBAL_ACCENT_COLOR_NAME = AccentColor;
				CODE_SIGN_ENTITLEMENTS = "Ollie-app/Ollie-app.entitlements";
				CODE_SIGN_STYLE = Automatic;
				CURRENT_PROJECT_VERSION = 1;
				DEVELOPMENT_TEAM = ZA6R83F354;
				ENABLE_PREVIEWS = YES;
				GENERATE_INFOPLIST_FILE = YES;
				INFOPLIST_FILE = "Ollie-app/Info.plist";
				INFOPLIST_KEY_UIApplicationSceneManifest_Generation = YES;
				INFOPLIST_KEY_UIApplicationSupportsIndirectInputEvents = YES;
				INFOPLIST_KEY_UILaunchScreen_Generation = YES;
				INFOPLIST_KEY_UISupportedInterfaceOrientations_iPad = "UIInterfaceOrientationPortrait UIInterfaceOrientationPortraitUpsideDown UIInterfaceOrientationLandscapeLeft UIInterfaceOrientationLandscapeRight";
				INFOPLIST_KEY_UISupportedInterfaceOrientations_iPhone = "UIInterfaceOrientationPortrait UIInterfaceOrientationLandscapeLeft UIInterfaceOrientationLandscapeRight";
				LD_RUNPATH_SEARCH_PATHS = (
					"$(inherited)",
					"@executable_path/Frameworks",
				);
				MARKETING_VERSION = 1.0;
				PRODUCT_BUNDLE_IDENTIFIER = "jaapstronks.Ollie-app";
				PRODUCT_NAME = "$(TARGET_NAME)";
				STRING_CATALOG_GENERATE_SYMBOLS = YES;
				SWIFT_APPROACHABLE_CONCURRENCY = YES;
				SWIFT_DEFAULT_ACTOR_ISOLATION = MainActor;
				SWIFT_EMIT_LOC_STRINGS = YES;
				SWIFT_UPCOMING_FEATURE_MEMBER_IMPORT_VISIBILITY = YES;
				SWIFT_VERSION = 5.0;
				TARGETED_DEVICE_FAMILY = "1,2";
			};
			name = Debug;
		};
		6786FECD2F470F4400CBFE93 /* Release */ = {
			isa = XCBuildConfiguration;
			buildSettings = {
				ASSETCATALOG_COMPILER_APPICON_NAME = AppIcon;
				ASSETCATALOG_COMPILER_GLOBAL_ACCENT_COLOR_NAME = AccentColor;
				CODE_SIGN_ENTITLEMENTS = "Ollie-app/Ollie-app.entitlements";
				CODE_SIGN_STYLE = Automatic;
				CURRENT_PROJECT_VERSION = 1;
				DEVELOPMENT_TEAM = ZA6R83F354;
				ENABLE_PREVIEWS = YES;
				GENERATE_INFOPLIST_FILE = YES;
				INFOPLIST_FILE = "Ollie-app/Info.plist";
				INFOPLIST_KEY_UIApplicationSceneManifest_Generation = YES;
				INFOPLIST_KEY_UIApplicationSupportsIndirectInputEvents = YES;
				INFOPLIST_KEY_UILaunchScreen_Generation = YES;
				INFOPLIST_KEY_UISupportedInterfaceOrientations_iPad = "UIInterfaceOrientationPortrait UIInterfaceOrientationPortraitUpsideDown UIInterfaceOrientationLandscapeLeft UIInterfaceOrientationLandscapeRight";
				INFOPLIST_KEY_UISupportedInterfaceOrientations_iPhone = "UIInterfaceOrientationPortrait UIInterfaceOrientationLandscapeLeft UIInterfaceOrientationLandscapeRight";
				LD_RUNPATH_SEARCH_PATHS = (
					"$(inherited)",
					"@executable_path/Frameworks",
				);
				MARKETING_VERSION = 1.0;
				PRODUCT_BUNDLE_IDENTIFIER = "jaapstronks.Ollie-app";
				PRODUCT_NAME = "$(TARGET_NAME)";
				STRING_CATALOG_GENERATE_SYMBOLS = YES;
				SWIFT_APPROACHABLE_CONCURRENCY = YES;
				SWIFT_DEFAULT_ACTOR_ISOLATION = MainActor;
				SWIFT_EMIT_LOC_STRINGS = YES;
				SWIFT_UPCOMING_FEATURE_MEMBER_IMPORT_VISIBILITY = YES;
				SWIFT_VERSION = 5.0;
				TARGETED_DEVICE_FAMILY = "1,2";
			};
			name = Release;
		};
/* End XCBuildConfiguration section */

/* Begin XCConfigurationList section */
		673C41EB2F49ABCD004333E6 /* Build configuration list for PBXNativeTarget "Ollie-appUITests" */ = {
			isa = XCConfigurationList;
			buildConfigurations = (
				673C41EC2F49ABCD004333E6 /* Debug */,
				673C41ED2F49ABCD004333E6 /* Release */,
			);
			defaultConfigurationIsVisible = 0;
			defaultConfigurationName = Release;
		};
		6768FD5D2F476789000E6A79 /* Build configuration list for PBXNativeTarget "OlliewidgetExtension" */ = {
			isa = XCConfigurationList;
			buildConfigurations = (
				6768FD5E2F476789000E6A79 /* Debug */,
				6768FD5F2F476789000E6A79 /* Release */,
			);
			defaultConfigurationIsVisible = 0;
			defaultConfigurationName = Release;
		};
		6786FEBB2F470F4300CBFE93 /* Build configuration list for PBXProject "Ollie-app" */ = {
			isa = XCConfigurationList;
			buildConfigurations = (
				6786FEC92F470F4400CBFE93 /* Debug */,
				6786FECA2F470F4400CBFE93 /* Release */,
			);
			defaultConfigurationIsVisible = 0;
			defaultConfigurationName = Release;
		};
		6786FECB2F470F4400CBFE93 /* Build configuration list for PBXNativeTarget "Ollie-app" */ = {
			isa = XCConfigurationList;
			buildConfigurations = (
				6786FECC2F470F4400CBFE93 /* Debug */,
				6786FECD2F470F4400CBFE93 /* Release */,
			);
			defaultConfigurationIsVisible = 0;
			defaultConfigurationName = Release;
		};
/* End XCConfigurationList section */

/* Begin XCRemoteSwiftPackageReference section */
		673C41F22F49B3DA004333E6 /* XCRemoteSwiftPackageReference "sentry-cocoa" */ = {
			isa = XCRemoteSwiftPackageReference;
			repositoryURL = "https://github.com/getsentry/sentry-cocoa";
			requirement = {
				kind = upToNextMajorVersion;
				minimumVersion = 9.5.0;
			};
		};
/* End XCRemoteSwiftPackageReference section */

/* Begin XCSwiftPackageProductDependency section */
		673C41F32F49B3DA004333E6 /* Sentry */ = {
			isa = XCSwiftPackageProductDependency;
			package = 673C41F22F49B3DA004333E6 /* XCRemoteSwiftPackageReference "sentry-cocoa" */;
			productName = Sentry;
		};
/* End XCSwiftPackageProductDependency section */
	};
	rootObject = 6786FEB82F470F4300CBFE93 /* Project object */;
}
